{
  "object": {
    "pins": [
      {
        "package": "Alamofire",
        "repositoryURL": "https://github.com/Alamofire/Alamofire.git",
        "state": {
          "branch": null,
          "revision": "097e1f03166d49b31f824507fb85ad843b14fc13",
          "version": "5.3.0"
        }
      },
      {
        "package": "Kingfisher",
        "repositoryURL": "https://github.com/onevcat/Kingfisher.git",
        "state": {
          "branch": null,
          "revision": "0e548b700c7c123dd3b2ac776e90d63a540f084d",
          "version": "5.15.7"
        }
      },
      {
        "package": "Then",
        "repositoryURL": "https://github.com/freshOS/Then.git",
        "state": {
          "branch": null,
          "revision": "2a0fe0720b979360820e871717855b894e76e562",
          "version": "5.1.4"
        }
      }
    ]
  },
  "version": 1
}
